
Microsoft Visual Studio Solution File, Format Version 12.00
# Visual Studio Version 16
VisualStudioVersion = 16.0.29519.181
MinimumVisualStudioVersion = 10.0.40219.1
Project("{9A19103F-16F7-4668-BE54-9A1E7A4F7556}") = "QuickBuy.Dominio", "QuickBuy\QuickBuy.Dominio.csproj", "{4CDC0FD0-2DC3-421D-ABBD-4B17FCE0BF37}"
EndProject
Project("{9A19103F-16F7-4668-BE54-9A1E7A4F7556}") = "QuckBuy.Repositorio", "QuckBuy.Repositorio\QuckBuy.Repositorio.csproj", "{5339188B-9872-49A5-9E02-BFF3BB3C160F}"
EndProject
Project("{9A19103F-16F7-4668-BE54-9A1E7A4F7556}") = "QuickBuy.Web", "QuickBuy.Web\QuickBuy.Web.csproj", "{2944C70E-6839-4448-8914-30FA0B0BA01E}"
EndProject
Global
	GlobalSection(SolutionConfigurationPlatforms) = preSolution
		Debug|Any CPU = Debug|Any CPU
		Release|Any CPU = Release|Any CPU
	EndGlobalSection
	GlobalSection(ProjectConfigurationPlatforms) = postSolution
		{4CDC0FD0-2DC3-421D-ABBD-4B17FCE0BF37}.Debug|Any CPU.ActiveCfg = Debug|Any CPU
		{4CDC0FD0-2DC3-421D-ABBD-4B17FCE0BF37}.Debug|Any CPU.Build.0 = Debug|Any CPU
		{4CDC0FD0-2DC3-421D-ABBD-4B17FCE0BF37}.Release|Any CPU.ActiveCfg = Release|Any CPU
		{4CDC0FD0-2DC3-421D-ABBD-4B17FCE0BF37}.Release|Any CPU.Build.0 = Release|Any CPU
		{5339188B-9872-49A5-9E02-BFF3BB3C160F}.Debug|Any CPU.ActiveCfg = Debug|Any CPU
		{5339188B-9872-49A5-9E02-BFF3BB3C160F}.Debug|Any CPU.Build.0 = Debug|Any CPU
		{5339188B-9872-49A5-9E02-BFF3BB3C160F}.Release|Any CPU.ActiveCfg = Release|Any CPU
		{5339188B-9872-49A5-9E02-BFF3BB3C160F}.Release|Any CPU.Build.0 = Release|Any CPU
		{2944C70E-6839-4448-8914-30FA0B0BA01E}.Debug|Any CPU.ActiveCfg = Debug|Any CPU
		{2944C70E-6839-4448-8914-30FA0B0BA01E}.Debug|Any CPU.Build.0 = Debug|Any CPU
		{2944C70E-6839-4448-8914-30FA0B0BA01E}.Release|Any CPU.ActiveCfg = Release|Any CPU
		{2944C70E-6839-4448-8914-30FA0B0BA01E}.Release|Any CPU.Build.0 = Release|Any CPU
	EndGlobalSection
	GlobalSection(SolutionProperties) = preSolution
		HideSolutionNode = FALSE
	EndGlobalSection
	GlobalSection(ExtensibilityGlobals) = postSolution
		SolutionGuid = {F89C013F-3929-4623-993D-23B0A05C7651}
	EndGlobalSection
EndGlobal
